{
  "version": 4,
  "terraform_version": "1.5.7",
  "serial": 33,
  "lineage": "3469be00-afec-a2c3-ce7e-3583f9b8eb1c",
  "outputs": {},
  "resources": [
    {
      "mode": "managed",
      "type": "oci_containerengine_cluster",
      "name": "generated_oci_containerengine_cluster",
      "provider": "provider[\"registry.terraform.io/hashicorp/oci\"]",
      "instances": [
        {
          "schema_version": 0,
          "attributes": {
            "available_kubernetes_upgrades": [],
            "cluster_pod_network_options": [
              {
                "cni_type": "OCI_VCN_IP_NATIVE"
              }
            ],
            "compartment_id": "ocid1.compartment.oc1..aaaaaaaakb5gpfek3psgdckxav3ektknnodqzqz5picqzkdf4xzl34janyya",
            "defined_tags": {
              "Oracle-Tags.CreatedBy": "oracleidentitycloudservice/ed.shnekendorf@oracle.com"
            },
            "endpoint_config": [
              {
                "is_public_ip_enabled": true,
                "nsg_ids": [],
                "subnet_id": "ocid1.subnet.oc1.iad.aaaaaaaaz22tuoel546ik3eo62dl3mqx6wjggnh3a3orzlmtp6pgriiaae4q"
              }
            ],
            "endpoints": [
              {
                "kubernetes": "",
                "private_endpoint": "10.0.0.8:6443",
                "public_endpoint": "129.80.30.201:6443",
                "vcn_hostname_endpoint": "cngfmp5cxoa.suba461cd64a.tritoncluster.oraclevcn.com:6443"
              }
            ],
            "freeform_tags": {
              "OKEclusterName": "triton-cluster"
            },
            "id": "ocid1.cluster.oc1.iad.aaaaaaaamen6cqiv7lybztbqfxiicpzvnydxrmjzuqzg4o2b3cngfmp5cxoa",
            "image_policy_config": [
              {
                "is_policy_enabled": false,
                "key_details": []
              }
            ],
            "kms_key_id": null,
            "kubernetes_version": "v1.27.2",
            "lifecycle_details": null,
            "metadata": [
              {
                "created_by_user_id": "ocid1.user.oc1..aaaaaaaanbwzhmq2onym3iickrgir2qi2zzmoppxbpmhlsdholcqqmqiqgaa",
                "created_by_work_request_id": "ocid1.clustersworkrequest.oc1.iad.aaaaaaaapd727nt6ps7tka6vnkusjmqgju3fphz5qszxgqyqxwwtnmmkoiza",
                "deleted_by_user_id": "",
                "deleted_by_work_request_id": "",
                "time_created": "2023-12-07 19:09:34 +0000 UTC",
                "time_credential_expiration": "2028-12-07 19:10:16 +0000 UTC",
                "time_deleted": "",
                "time_updated": "",
                "updated_by_user_id": "",
                "updated_by_work_request_id": ""
              }
            ],
            "name": "triton-cluster",
            "options": [
              {
                "add_ons": [
                  {
                    "is_kubernetes_dashboard_enabled": false,
                    "is_tiller_enabled": false
                  }
                ],
                "admission_controller_options": [
                  {
                    "is_pod_security_policy_enabled": false
                  }
                ],
                "kubernetes_network_config": [
                  {
                    "pods_cidr": "10.244.0.0/16",
                    "services_cidr": "10.96.0.0/16"
                  }
                ],
                "persistent_volume_config": [
                  {
                    "defined_tags": {},
                    "freeform_tags": {
                      "OKEclusterName": "triton-cluster"
                    }
                  }
                ],
                "service_lb_config": [
                  {
                    "defined_tags": {},
                    "freeform_tags": {
                      "OKEclusterName": "triton-cluster"
                    }
                  }
                ],
                "service_lb_subnet_ids": [
                  "ocid1.subnet.oc1.iad.aaaaaaaar5hwwvel74h32a652gyifp3yiro6edm52yh5kjbcodkuc6p5gcxq"
                ]
              }
            ],
            "state": "ACTIVE",
            "timeouts": null,
            "type": "ENHANCED_CLUSTER",
            "vcn_id": "ocid1.vcn.oc1.iad.amaaaaaabxdvnfaa2ke25xzylqlehycmwjkgqkjmncrv6ucyxvcmvglnl7za"
          },
          "sensitive_attributes": [],
          "private": "eyJlMmJmYjczMC1lY2FhLTExZTYtOGY4OC0zNDM2M2JjN2M0YzAiOnsiY3JlYXRlIjozNjAwMDAwMDAwMDAwLCJkZWxldGUiOjM2MDAwMDAwMDAwMDAsInVwZGF0ZSI6MzYwMDAwMDAwMDAwMH19",
          "dependencies": [
            "oci_core_default_route_table.generated_oci_core_default_route_table",
            "oci_core_internet_gateway.generated_oci_core_internet_gateway",
            "oci_core_security_list.kubernetes_api_endpoint_sec_list",
            "oci_core_subnet.kubernetes_api_endpoint_subnet",
            "oci_core_subnet.service_lb_subnet",
            "oci_core_vcn.generated_oci_core_vcn"
          ]
        }
      ]
    },
    {
      "mode": "managed",
      "type": "oci_containerengine_node_pool",
      "name": "create_cpu_pool",
      "provider": "provider[\"registry.terraform.io/hashicorp/oci\"]",
      "instances": [
        {
          "schema_version": 0,
          "attributes": {
            "cluster_id": "ocid1.cluster.oc1.iad.aaaaaaaamen6cqiv7lybztbqfxiicpzvnydxrmjzuqzg4o2b3cngfmp5cxoa",
            "compartment_id": "ocid1.compartment.oc1..aaaaaaaakb5gpfek3psgdckxav3ektknnodqzqz5picqzkdf4xzl34janyya",
            "defined_tags": {
              "Oracle-Tags.CreatedBy": "oracleidentitycloudservice/ed.shnekendorf@oracle.com"
            },
            "freeform_tags": {
              "OKEnodePoolName": "cpu-pool"
            },
            "id": "ocid1.nodepool.oc1.iad.aaaaaaaasqplpyg5ufrqfq2fedm5rygffgwrkbf4evxe3aj7pnw5eg4wboba",
            "initial_node_labels": [
              {
                "key": "name",
                "value": "triton-cluster"
              }
            ],
            "kubernetes_version": "v1.27.2",
            "lifecycle_details": null,
            "name": "cpu-pool",
            "node_config_details": [
              {
                "defined_tags": {},
                "freeform_tags": {
                  "OKEnodePoolName": "cpu-pool"
                },
                "is_pv_encryption_in_transit_enabled": false,
                "kms_key_id": "",
                "node_pool_pod_network_option_details": [
                  {
                    "cni_type": "OCI_VCN_IP_NATIVE",
                    "max_pods_per_node": 31,
                    "pod_nsg_ids": [],
                    "pod_subnet_ids": [
                      "ocid1.subnet.oc1.iad.aaaaaaaadimw4cgufswhoz2dugidarpffdcbixtafwtv7wiyxqbpt2eiz5oq"
                    ]
                  }
                ],
                "nsg_ids": [],
                "placement_configs": [
                  {
                    "availability_domain": "yOlF:US-ASHBURN-AD-1",
                    "capacity_reservation_id": "",
                    "fault_domains": [],
                    "preemptible_node_config": [],
                    "subnet_id": "ocid1.subnet.oc1.iad.aaaaaaaadimw4cgufswhoz2dugidarpffdcbixtafwtv7wiyxqbpt2eiz5oq"
                  },
                  {
                    "availability_domain": "yOlF:US-ASHBURN-AD-2",
                    "capacity_reservation_id": "",
                    "fault_domains": [],
                    "preemptible_node_config": [],
                    "subnet_id": "ocid1.subnet.oc1.iad.aaaaaaaadimw4cgufswhoz2dugidarpffdcbixtafwtv7wiyxqbpt2eiz5oq"
                  },
                  {
                    "availability_domain": "yOlF:US-ASHBURN-AD-3",
                    "capacity_reservation_id": "",
                    "fault_domains": [],
                    "preemptible_node_config": [],
                    "subnet_id": "ocid1.subnet.oc1.iad.aaaaaaaadimw4cgufswhoz2dugidarpffdcbixtafwtv7wiyxqbpt2eiz5oq"
                  }
                ],
                "size": 1
              }
            ],
            "node_eviction_node_pool_settings": [
              {
                "eviction_grace_duration": "PT1H",
                "is_force_delete_after_grace_duration": false
              }
            ],
            "node_image_id": "ocid1.image.oc1.iad.aaaaaaaairuqkf7p2b37jpyklvnqhxxlhyr3fpk55jmi5yklnkdrbsao7msa",
            "node_image_name": "Oracle-Linux-8.8-2023.09.26-0-OKE-1.27.2-653",
            "node_metadata": {},
            "node_pool_cycling_details": [],
            "node_shape": "VM.Standard.E4.Flex",
            "node_shape_config": [
              {
                "memory_in_gbs": 16,
                "ocpus": 1
              }
            ],
            "node_source": [
              {
                "image_id": "ocid1.image.oc1.iad.aaaaaaaairuqkf7p2b37jpyklvnqhxxlhyr3fpk55jmi5yklnkdrbsao7msa",
                "source_name": "Oracle-Linux-8.8-2023.09.26-0-OKE-1.27.2-653",
                "source_type": "IMAGE"
              }
            ],
            "node_source_details": [
              {
                "boot_volume_size_in_gbs": "",
                "image_id": "ocid1.image.oc1.iad.aaaaaaaairuqkf7p2b37jpyklvnqhxxlhyr3fpk55jmi5yklnkdrbsao7msa",
                "source_type": "IMAGE"
              }
            ],
            "nodes": [
              {
                "availability_domain": "yOlF:US-ASHBURN-AD-3",
                "defined_tags": {},
                "error": [],
                "fault_domain": "FAULT-DOMAIN-1",
                "freeform_tags": {},
                "id": "ocid1.instance.oc1.iad.anuwcljrbxdvnfacwmbrd5lyafhhqjkp3bw5ubzeqjjsohdczafav35owkia",
                "kubernetes_version": "v1.27.2",
                "lifecycle_details": "",
                "name": "oke-cngfmp5cxoa-nw5eg4wboba-sbpt2eiz5oq-0",
                "node_pool_id": "ocid1.nodepool.oc1.iad.aaaaaaaasqplpyg5ufrqfq2fedm5rygffgwrkbf4evxe3aj7pnw5eg4wboba",
                "private_ip": "10.0.10.129",
                "public_ip": "",
                "state": "DELETED",
                "subnet_id": "ocid1.subnet.oc1.iad.aaaaaaaadimw4cgufswhoz2dugidarpffdcbixtafwtv7wiyxqbpt2eiz5oq"
              },
              {
                "availability_domain": "yOlF:US-ASHBURN-AD-2",
                "defined_tags": {},
                "error": [],
                "fault_domain": "FAULT-DOMAIN-2",
                "freeform_tags": {},
                "id": "ocid1.instance.oc1.iad.anuwcljtbxdvnfacsqhqswq32hq2b7etwoo6s35kq7i7gcb3e272fso45n7a",
                "kubernetes_version": "v1.27.2",
                "lifecycle_details": "",
                "name": "oke-cngfmp5cxoa-nw5eg4wboba-sbpt2eiz5oq-1",
                "node_pool_id": "ocid1.nodepool.oc1.iad.aaaaaaaasqplpyg5ufrqfq2fedm5rygffgwrkbf4evxe3aj7pnw5eg4wboba",
                "private_ip": "10.0.10.111",
                "public_ip": "",
                "state": "ACTIVE",
                "subnet_id": "ocid1.subnet.oc1.iad.aaaaaaaadimw4cgufswhoz2dugidarpffdcbixtafwtv7wiyxqbpt2eiz5oq"
              }
            ],
            "quantity_per_subnet": 0,
            "ssh_public_key": "ssh-rsa AAAAB3NzaC1yc2EAAAADAQABAAABAQDOTZ/ts8STt1dlvhtTd5KubTWqZ8enmOF5AnjbWbm0f9Y1E7MFH2uUS0afZk/l+WQnXiFsuFrNc5sqtT5IAYkxpn/nMur6mE6va7feAfi7OP4v6su1TUcwGejsFqqYXFMYG7sdI6z5YVYaDoxbwr3CcAAQf089tK4R9P1RY05eXIIwRDtkn04iO9dG1agISYDgCEx1aGvx2LOAnmlguR+78iQ4TqZVadg6xNIhh0rnpAYf+/avsyNYS7OoBswMnFlfqn0MbwG+ecWHNiGh+a/Bo2SSC/rlCWOtMIbZui1a8Ca7uFYJgg2BBrtlzdLH34TICUJQFnHI1SiX9OIJ4ngL",
            "state": "ACTIVE",
            "subnet_ids": [
              "ocid1.subnet.oc1.iad.aaaaaaaadimw4cgufswhoz2dugidarpffdcbixtafwtv7wiyxqbpt2eiz5oq"
            ],
            "timeouts": null
          },
          "sensitive_attributes": [],
          "private": "eyJlMmJmYjczMC1lY2FhLTExZTYtOGY4OC0zNDM2M2JjN2M0YzAiOnsiY3JlYXRlIjozMDAwMDAwMDAwMDAwLCJkZWxldGUiOjMwMDAwMDAwMDAwMDAsInVwZGF0ZSI6MzAwMDAwMDAwMDAwMH19",
          "dependencies": [
            "oci_containerengine_cluster.generated_oci_containerengine_cluster",
            "oci_core_subnet.node_subnet"
          ]
        }
      ]
    },
    {
      "mode": "managed",
      "type": "oci_core_default_route_table",
      "name": "generated_oci_core_default_route_table",
      "provider": "provider[\"registry.terraform.io/hashicorp/oci\"]",
      "instances": [
        {
          "schema_version": 0,
          "attributes": {
            "compartment_id": "ocid1.compartment.oc1..aaaaaaaakb5gpfek3psgdckxav3ektknnodqzqz5picqzkdf4xzl34janyya",
            "defined_tags": {
              "Oracle-Tags.CreatedBy": "oracleidentitycloudservice/ed.shnekendorf@oracle.com"
            },
            "display_name": "oke-public-routetable-triton-cluster-9594134af",
            "freeform_tags": {},
            "id": "ocid1.routetable.oc1.iad.aaaaaaaaj3itmktoamycwiaitt2ewqkm2ardaezku3gxesmij6ghrgdsdelq",
            "manage_default_resource_id": "ocid1.routetable.oc1.iad.aaaaaaaaj3itmktoamycwiaitt2ewqkm2ardaezku3gxesmij6ghrgdsdelq",
            "route_rules": [
              {
                "cidr_block": "",
                "description": "traffic to/from internet",
                "destination": "0.0.0.0/0",
                "destination_type": "CIDR_BLOCK",
                "network_entity_id": "ocid1.internetgateway.oc1.iad.aaaaaaaau6o65ci3czbucmbfnip3fjs6q57nowwzb2ls6tytfrkwxm4zhwta",
                "route_type": ""
              }
            ],
            "state": "AVAILABLE",
            "time_created": "2023-12-07 19:07:53.48 +0000 UTC",
            "timeouts": null
          },
          "sensitive_attributes": [],
          "private": "eyJlMmJmYjczMC1lY2FhLTExZTYtOGY4OC0zNDM2M2JjN2M0YzAiOnsiY3JlYXRlIjoxMjAwMDAwMDAwMDAwLCJkZWxldGUiOjEyMDAwMDAwMDAwMDAsInVwZGF0ZSI6MTIwMDAwMDAwMDAwMH19",
          "dependencies": [
            "oci_core_internet_gateway.generated_oci_core_internet_gateway",
            "oci_core_vcn.generated_oci_core_vcn"
          ]
        }
      ]
    },
    {
      "mode": "managed",
      "type": "oci_core_internet_gateway",
      "name": "generated_oci_core_internet_gateway",
      "provider": "provider[\"registry.terraform.io/hashicorp/oci\"]",
      "instances": [
        {
          "schema_version": 0,
          "attributes": {
            "compartment_id": "ocid1.compartment.oc1..aaaaaaaakb5gpfek3psgdckxav3ektknnodqzqz5picqzkdf4xzl34janyya",
            "defined_tags": {
              "Oracle-Tags.CreatedBy": "oracleidentitycloudservice/ed.shnekendorf@oracle.com"
            },
            "display_name": "oke-igw-quick-triton-cluster-9594134af",
            "enabled": true,
            "freeform_tags": {},
            "id": "ocid1.internetgateway.oc1.iad.aaaaaaaau6o65ci3czbucmbfnip3fjs6q57nowwzb2ls6tytfrkwxm4zhwta",
            "route_table_id": null,
            "state": "AVAILABLE",
            "time_created": "2023-12-07 19:07:54.639 +0000 UTC",
            "timeouts": null,
            "vcn_id": "ocid1.vcn.oc1.iad.amaaaaaabxdvnfaa2ke25xzylqlehycmwjkgqkjmncrv6ucyxvcmvglnl7za"
          },
          "sensitive_attributes": [],
          "private": "eyJlMmJmYjczMC1lY2FhLTExZTYtOGY4OC0zNDM2M2JjN2M0YzAiOnsiY3JlYXRlIjoxMjAwMDAwMDAwMDAwLCJkZWxldGUiOjEyMDAwMDAwMDAwMDAsInVwZGF0ZSI6MTIwMDAwMDAwMDAwMH19",
          "dependencies": [
            "oci_core_vcn.generated_oci_core_vcn"
          ]
        }
      ]
    },
    {
      "mode": "managed",
      "type": "oci_core_nat_gateway",
      "name": "generated_oci_core_nat_gateway",
      "provider": "provider[\"registry.terraform.io/hashicorp/oci\"]",
      "instances": [
        {
          "schema_version": 0,
          "attributes": {
            "block_traffic": false,
            "compartment_id": "ocid1.compartment.oc1..aaaaaaaakb5gpfek3psgdckxav3ektknnodqzqz5picqzkdf4xzl34janyya",
            "defined_tags": {
              "Oracle-Tags.CreatedBy": "oracleidentitycloudservice/ed.shnekendorf@oracle.com"
            },
            "display_name": "oke-ngw-quick-triton-cluster-9594134af",
            "freeform_tags": {},
            "id": "ocid1.natgateway.oc1.iad.aaaaaaaagc7zqn6ayipc5pcympl2mjfrckpr4im7yeknkcoe76dwzpxux6mq",
            "nat_ip": "129.153.182.218",
            "public_ip_id": "ocid1.publicip.oc1.iad.aaaaaaaacyatm5lc6uuuikvbhlwne73on6mafupe6mry3mdskses3xrp6jia",
            "route_table_id": null,
            "state": "AVAILABLE",
            "time_created": "2023-12-07 19:07:55.713 +0000 UTC",
            "timeouts": null,
            "vcn_id": "ocid1.vcn.oc1.iad.amaaaaaabxdvnfaa2ke25xzylqlehycmwjkgqkjmncrv6ucyxvcmvglnl7za"
          },
          "sensitive_attributes": [],
          "private": "eyJlMmJmYjczMC1lY2FhLTExZTYtOGY4OC0zNDM2M2JjN2M0YzAiOnsiY3JlYXRlIjoxMjAwMDAwMDAwMDAwLCJkZWxldGUiOjEyMDAwMDAwMDAwMDAsInVwZGF0ZSI6MTIwMDAwMDAwMDAwMH19",
          "dependencies": [
            "oci_core_vcn.generated_oci_core_vcn"
          ]
        }
      ]
    },
    {
      "mode": "managed",
      "type": "oci_core_route_table",
      "name": "generated_oci_core_route_table",
      "provider": "provider[\"registry.terraform.io/hashicorp/oci\"]",
      "instances": [
        {
          "schema_version": 0,
          "attributes": {
            "compartment_id": "ocid1.compartment.oc1..aaaaaaaakb5gpfek3psgdckxav3ektknnodqzqz5picqzkdf4xzl34janyya",
            "defined_tags": {
              "Oracle-Tags.CreatedBy": "oracleidentitycloudservice/ed.shnekendorf@oracle.com"
            },
            "display_name": "oke-private-routetable-triton-cluster-9594134af",
            "freeform_tags": {},
            "id": "ocid1.routetable.oc1.iad.aaaaaaaaczph4cy3wun7bva2lp4kmx6jzgauvqqsj5loqn3r7detkgt62nwa",
            "route_rules": [
              {
                "cidr_block": "",
                "description": "traffic to OCI services",
                "destination": "all-iad-services-in-oracle-services-network",
                "destination_type": "SERVICE_CIDR_BLOCK",
                "network_entity_id": "ocid1.servicegateway.oc1.iad.aaaaaaaah76yk2sza7tyebwo6lj624orhvvvwiulnx3jxjds6aiuqkdgsg2a",
                "route_type": ""
              },
              {
                "cidr_block": "",
                "description": "traffic to the internet",
                "destination": "0.0.0.0/0",
                "destination_type": "CIDR_BLOCK",
                "network_entity_id": "ocid1.natgateway.oc1.iad.aaaaaaaagc7zqn6ayipc5pcympl2mjfrckpr4im7yeknkcoe76dwzpxux6mq",
                "route_type": ""
              }
            ],
            "state": "AVAILABLE",
            "time_created": "2023-12-07 19:07:57.714 +0000 UTC",
            "timeouts": null,
            "vcn_id": "ocid1.vcn.oc1.iad.amaaaaaabxdvnfaa2ke25xzylqlehycmwjkgqkjmncrv6ucyxvcmvglnl7za"
          },
          "sensitive_attributes": [],
          "private": "eyJlMmJmYjczMC1lY2FhLTExZTYtOGY4OC0zNDM2M2JjN2M0YzAiOnsiY3JlYXRlIjoxMjAwMDAwMDAwMDAwLCJkZWxldGUiOjEyMDAwMDAwMDAwMDAsInVwZGF0ZSI6MTIwMDAwMDAwMDAwMH19",
          "dependencies": [
            "oci_core_nat_gateway.generated_oci_core_nat_gateway",
            "oci_core_service_gateway.generated_oci_core_service_gateway",
            "oci_core_vcn.generated_oci_core_vcn"
          ]
        }
      ]
    },
    {
      "mode": "managed",
      "type": "oci_core_security_list",
      "name": "kubernetes_api_endpoint_sec_list",
      "provider": "provider[\"registry.terraform.io/hashicorp/oci\"]",
      "instances": [
        {
          "schema_version": 0,
          "attributes": {
            "compartment_id": "ocid1.compartment.oc1..aaaaaaaakb5gpfek3psgdckxav3ektknnodqzqz5picqzkdf4xzl34janyya",
            "defined_tags": {
              "Oracle-Tags.CreatedBy": "oracleidentitycloudservice/ed.shnekendorf@oracle.com"
            },
            "display_name": "oke-k8sApiEndpoint-quick-triton-cluster-9594134af",
            "egress_security_rules": [
              {
                "description": "All traffic to worker nodes",
                "destination": "10.0.10.0/24",
                "destination_type": "CIDR_BLOCK",
                "icmp_options": [],
                "protocol": "6",
                "stateless": false,
                "tcp_options": [],
                "udp_options": []
              },
              {
                "description": "Allow Kubernetes Control Plane to communicate with OKE",
                "destination": "all-iad-services-in-oracle-services-network",
                "destination_type": "SERVICE_CIDR_BLOCK",
                "icmp_options": [],
                "protocol": "6",
                "stateless": false,
                "tcp_options": [],
                "udp_options": []
              },
              {
                "description": "Path discovery",
                "destination": "10.0.10.0/24",
                "destination_type": "CIDR_BLOCK",
                "icmp_options": [
                  {
                    "code": 4,
                    "type": 3
                  }
                ],
                "protocol": "1",
                "stateless": false,
                "tcp_options": [],
                "udp_options": []
              }
            ],
            "freeform_tags": {},
            "id": "ocid1.securitylist.oc1.iad.aaaaaaaafy7zy6bnx6vpstdofnjkhehitwogcspaawp4fzgkannoe37b3kca",
            "ingress_security_rules": [
              {
                "description": "External access to Kubernetes API endpoint",
                "icmp_options": [],
                "protocol": "6",
                "source": "0.0.0.0/0",
                "source_type": "CIDR_BLOCK",
                "stateless": false,
                "tcp_options": [],
                "udp_options": []
              },
              {
                "description": "Kubernetes worker to Kubernetes API endpoint communication",
                "icmp_options": [],
                "protocol": "6",
                "source": "10.0.10.0/24",
                "source_type": "CIDR_BLOCK",
                "stateless": false,
                "tcp_options": [],
                "udp_options": []
              },
              {
                "description": "Kubernetes worker to control plane communication",
                "icmp_options": [],
                "protocol": "6",
                "source": "10.0.10.0/24",
                "source_type": "CIDR_BLOCK",
                "stateless": false,
                "tcp_options": [],
                "udp_options": []
              },
              {
                "description": "Path discovery",
                "icmp_options": [
                  {
                    "code": 4,
                    "type": 3
                  }
                ],
                "protocol": "1",
                "source": "10.0.10.0/24",
                "source_type": "CIDR_BLOCK",
                "stateless": false,
                "tcp_options": [],
                "udp_options": []
              }
            ],
            "state": "AVAILABLE",
            "time_created": "2023-12-07 19:07:55.965 +0000 UTC",
            "timeouts": null,
            "vcn_id": "ocid1.vcn.oc1.iad.amaaaaaabxdvnfaa2ke25xzylqlehycmwjkgqkjmncrv6ucyxvcmvglnl7za"
          },
          "sensitive_attributes": [],
          "private": "eyJlMmJmYjczMC1lY2FhLTExZTYtOGY4OC0zNDM2M2JjN2M0YzAiOnsiY3JlYXRlIjoxMjAwMDAwMDAwMDAwLCJkZWxldGUiOjEyMDAwMDAwMDAwMDAsInVwZGF0ZSI6MTIwMDAwMDAwMDAwMH19",
          "dependencies": [
            "oci_core_vcn.generated_oci_core_vcn"
          ]
        }
      ]
    },
    {
      "mode": "managed",
      "type": "oci_core_security_list",
      "name": "node_sec_list",
      "provider": "provider[\"registry.terraform.io/hashicorp/oci\"]",
      "instances": [
        {
          "schema_version": 0,
          "attributes": {
            "compartment_id": "ocid1.compartment.oc1..aaaaaaaakb5gpfek3psgdckxav3ektknnodqzqz5picqzkdf4xzl34janyya",
            "defined_tags": {
              "Oracle-Tags.CreatedBy": "oracleidentitycloudservice/ed.shnekendorf@oracle.com"
            },
            "display_name": "oke-nodeseclist-quick-triton-cluster-9594134af",
            "egress_security_rules": [
              {
                "description": "Access to Kubernetes API Endpoint",
                "destination": "10.0.0.0/28",
                "destination_type": "CIDR_BLOCK",
                "icmp_options": [],
                "protocol": "6",
                "stateless": false,
                "tcp_options": [],
                "udp_options": []
              },
              {
                "description": "Allow nodes to communicate with OKE to ensure correct start-up and continued functioning",
                "destination": "all-iad-services-in-oracle-services-network",
                "destination_type": "SERVICE_CIDR_BLOCK",
                "icmp_options": [],
                "protocol": "6",
                "stateless": false,
                "tcp_options": [],
                "udp_options": []
              },
              {
                "description": "Allow pods on one worker node to communicate with pods on other worker nodes",
                "destination": "10.0.10.0/24",
                "destination_type": "CIDR_BLOCK",
                "icmp_options": [],
                "protocol": "all",
                "stateless": false,
                "tcp_options": [],
                "udp_options": []
              },
              {
                "description": "ICMP Access from Kubernetes Control Plane",
                "destination": "0.0.0.0/0",
                "destination_type": "CIDR_BLOCK",
                "icmp_options": [
                  {
                    "code": 4,
                    "type": 3
                  }
                ],
                "protocol": "1",
                "stateless": false,
                "tcp_options": [],
                "udp_options": []
              },
              {
                "description": "Kubernetes worker to control plane communication",
                "destination": "10.0.0.0/28",
                "destination_type": "CIDR_BLOCK",
                "icmp_options": [],
                "protocol": "6",
                "stateless": false,
                "tcp_options": [],
                "udp_options": []
              },
              {
                "description": "Path discovery",
                "destination": "10.0.0.0/28",
                "destination_type": "CIDR_BLOCK",
                "icmp_options": [
                  {
                    "code": 4,
                    "type": 3
                  }
                ],
                "protocol": "1",
                "stateless": false,
                "tcp_options": [],
                "udp_options": []
              },
              {
                "description": "Worker Nodes access to Internet",
                "destination": "0.0.0.0/0",
                "destination_type": "CIDR_BLOCK",
                "icmp_options": [],
                "protocol": "all",
                "stateless": false,
                "tcp_options": [],
                "udp_options": []
              }
            ],
            "freeform_tags": {},
            "id": "ocid1.securitylist.oc1.iad.aaaaaaaaocprpglm6bqdt42fiu2jjvchowwj2rbm4aaoda4t27xlvmhvifeq",
            "ingress_security_rules": [
              {
                "description": "Allow pods on one worker node to communicate with pods on other worker nodes",
                "icmp_options": [],
                "protocol": "all",
                "source": "10.0.10.0/24",
                "source_type": "CIDR_BLOCK",
                "stateless": false,
                "tcp_options": [],
                "udp_options": []
              },
              {
                "description": "Inbound SSH traffic to worker nodes",
                "icmp_options": [],
                "protocol": "6",
                "source": "0.0.0.0/0",
                "source_type": "CIDR_BLOCK",
                "stateless": false,
                "tcp_options": [],
                "udp_options": []
              },
              {
                "description": "Path discovery",
                "icmp_options": [
                  {
                    "code": 4,
                    "type": 3
                  }
                ],
                "protocol": "1",
                "source": "10.0.0.0/28",
                "source_type": "CIDR_BLOCK",
                "stateless": false,
                "tcp_options": [],
                "udp_options": []
              },
              {
                "description": "TCP access from Kubernetes Control Plane",
                "icmp_options": [],
                "protocol": "6",
                "source": "10.0.0.0/28",
                "source_type": "CIDR_BLOCK",
                "stateless": false,
                "tcp_options": [],
                "udp_options": []
              }
            ],
            "state": "AVAILABLE",
            "time_created": "2023-12-07 19:07:55.951 +0000 UTC",
            "timeouts": null,
            "vcn_id": "ocid1.vcn.oc1.iad.amaaaaaabxdvnfaa2ke25xzylqlehycmwjkgqkjmncrv6ucyxvcmvglnl7za"
          },
          "sensitive_attributes": [],
          "private": "eyJlMmJmYjczMC1lY2FhLTExZTYtOGY4OC0zNDM2M2JjN2M0YzAiOnsiY3JlYXRlIjoxMjAwMDAwMDAwMDAwLCJkZWxldGUiOjEyMDAwMDAwMDAwMDAsInVwZGF0ZSI6MTIwMDAwMDAwMDAwMH19",
          "dependencies": [
            "oci_core_vcn.generated_oci_core_vcn"
          ]
        }
      ]
    },
    {
      "mode": "managed",
      "type": "oci_core_security_list",
      "name": "service_lb_sec_list",
      "provider": "provider[\"registry.terraform.io/hashicorp/oci\"]",
      "instances": [
        {
          "schema_version": 0,
          "attributes": {
            "compartment_id": "ocid1.compartment.oc1..aaaaaaaakb5gpfek3psgdckxav3ektknnodqzqz5picqzkdf4xzl34janyya",
            "defined_tags": {
              "Oracle-Tags.CreatedBy": "oracleidentitycloudservice/ed.shnekendorf@oracle.com"
            },
            "display_name": "oke-svclbseclist-quick-triton-cluster-9594134af",
            "egress_security_rules": [],
            "freeform_tags": {},
            "id": "ocid1.securitylist.oc1.iad.aaaaaaaa4tgknb6vjkbmrvbl24ymcirnq5blkbfcf725fz6bguizpozdjrrq",
            "ingress_security_rules": [],
            "state": "AVAILABLE",
            "time_created": "2023-12-07 19:07:55.946 +0000 UTC",
            "timeouts": null,
            "vcn_id": "ocid1.vcn.oc1.iad.amaaaaaabxdvnfaa2ke25xzylqlehycmwjkgqkjmncrv6ucyxvcmvglnl7za"
          },
          "sensitive_attributes": [],
          "private": "eyJlMmJmYjczMC1lY2FhLTExZTYtOGY4OC0zNDM2M2JjN2M0YzAiOnsiY3JlYXRlIjoxMjAwMDAwMDAwMDAwLCJkZWxldGUiOjEyMDAwMDAwMDAwMDAsInVwZGF0ZSI6MTIwMDAwMDAwMDAwMH19",
          "dependencies": [
            "oci_core_vcn.generated_oci_core_vcn"
          ]
        }
      ]
    },
    {
      "mode": "managed",
      "type": "oci_core_service_gateway",
      "name": "generated_oci_core_service_gateway",
      "provider": "provider[\"registry.terraform.io/hashicorp/oci\"]",
      "instances": [
        {
          "schema_version": 0,
          "attributes": {
            "block_traffic": false,
            "compartment_id": "ocid1.compartment.oc1..aaaaaaaakb5gpfek3psgdckxav3ektknnodqzqz5picqzkdf4xzl34janyya",
            "defined_tags": {
              "Oracle-Tags.CreatedBy": "oracleidentitycloudservice/ed.shnekendorf@oracle.com"
            },
            "display_name": "oke-sgw-quick-triton-cluster-9594134af",
            "freeform_tags": {},
            "id": "ocid1.servicegateway.oc1.iad.aaaaaaaah76yk2sza7tyebwo6lj624orhvvvwiulnx3jxjds6aiuqkdgsg2a",
            "route_table_id": null,
            "services": [
              {
                "service_id": "ocid1.service.oc1.iad.aaaaaaaam4zfmy2rjue6fmglumm3czgisxzrnvrwqeodtztg7hwa272mlfna",
                "service_name": "All IAD Services In Oracle Services Network"
              }
            ],
            "state": "AVAILABLE",
            "time_created": "2023-12-07 19:07:56.399 +0000 UTC",
            "timeouts": null,
            "vcn_id": "ocid1.vcn.oc1.iad.amaaaaaabxdvnfaa2ke25xzylqlehycmwjkgqkjmncrv6ucyxvcmvglnl7za"
          },
          "sensitive_attributes": [],
          "private": "eyJlMmJmYjczMC1lY2FhLTExZTYtOGY4OC0zNDM2M2JjN2M0YzAiOnsiY3JlYXRlIjoxMjAwMDAwMDAwMDAwLCJkZWxldGUiOjEyMDAwMDAwMDAwMDAsInVwZGF0ZSI6MTIwMDAwMDAwMDAwMH19",
          "dependencies": [
            "oci_core_vcn.generated_oci_core_vcn"
          ]
        }
      ]
    },
    {
      "mode": "managed",
      "type": "oci_core_subnet",
      "name": "kubernetes_api_endpoint_subnet",
      "provider": "provider[\"registry.terraform.io/hashicorp/oci\"]",
      "instances": [
        {
          "schema_version": 0,
          "attributes": {
            "availability_domain": null,
            "cidr_block": "10.0.0.0/28",
            "compartment_id": "ocid1.compartment.oc1..aaaaaaaakb5gpfek3psgdckxav3ektknnodqzqz5picqzkdf4xzl34janyya",
            "defined_tags": {
              "Oracle-Tags.CreatedBy": "oracleidentitycloudservice/ed.shnekendorf@oracle.com"
            },
            "dhcp_options_id": "ocid1.dhcpoptions.oc1.iad.aaaaaaaa5niemcoaac2t3ebpjwjv7bzlmebxiydxeu2rfrmqec37yuk4mz7a",
            "display_name": "oke-k8sApiEndpoint-subnet-quick-triton-cluster-9594134af-regional",
            "dns_label": "suba461cd64a",
            "freeform_tags": {},
            "id": "ocid1.subnet.oc1.iad.aaaaaaaaz22tuoel546ik3eo62dl3mqx6wjggnh3a3orzlmtp6pgriiaae4q",
            "ipv6cidr_block": null,
            "ipv6cidr_blocks": [],
            "ipv6virtual_router_ip": null,
            "prohibit_internet_ingress": false,
            "prohibit_public_ip_on_vnic": false,
            "route_table_id": "ocid1.routetable.oc1.iad.aaaaaaaaj3itmktoamycwiaitt2ewqkm2ardaezku3gxesmij6ghrgdsdelq",
            "security_list_ids": [
              "ocid1.securitylist.oc1.iad.aaaaaaaafy7zy6bnx6vpstdofnjkhehitwogcspaawp4fzgkannoe37b3kca"
            ],
            "state": "AVAILABLE",
            "subnet_domain_name": "suba461cd64a.tritoncluster.oraclevcn.com",
            "time_created": "2023-12-07 19:07:58.411 +0000 UTC",
            "timeouts": null,
            "vcn_id": "ocid1.vcn.oc1.iad.amaaaaaabxdvnfaa2ke25xzylqlehycmwjkgqkjmncrv6ucyxvcmvglnl7za",
            "virtual_router_ip": "10.0.0.1",
            "virtual_router_mac": "00:00:17:C4:2A:F3"
          },
          "sensitive_attributes": [],
          "private": "eyJlMmJmYjczMC1lY2FhLTExZTYtOGY4OC0zNDM2M2JjN2M0YzAiOnsiY3JlYXRlIjoxMjAwMDAwMDAwMDAwLCJkZWxldGUiOjEyMDAwMDAwMDAwMDAsInVwZGF0ZSI6MTIwMDAwMDAwMDAwMH19",
          "dependencies": [
            "oci_core_default_route_table.generated_oci_core_default_route_table",
            "oci_core_internet_gateway.generated_oci_core_internet_gateway",
            "oci_core_security_list.kubernetes_api_endpoint_sec_list",
            "oci_core_vcn.generated_oci_core_vcn"
          ]
        }
      ]
    },
    {
      "mode": "managed",
      "type": "oci_core_subnet",
      "name": "node_subnet",
      "provider": "provider[\"registry.terraform.io/hashicorp/oci\"]",
      "instances": [
        {
          "schema_version": 0,
          "attributes": {
            "availability_domain": null,
            "cidr_block": "10.0.10.0/24",
            "compartment_id": "ocid1.compartment.oc1..aaaaaaaakb5gpfek3psgdckxav3ektknnodqzqz5picqzkdf4xzl34janyya",
            "defined_tags": {
              "Oracle-Tags.CreatedBy": "oracleidentitycloudservice/ed.shnekendorf@oracle.com"
            },
            "dhcp_options_id": "ocid1.dhcpoptions.oc1.iad.aaaaaaaa5niemcoaac2t3ebpjwjv7bzlmebxiydxeu2rfrmqec37yuk4mz7a",
            "display_name": "oke-nodesubnet-quick-triton-cluster-9594134af-regional",
            "dns_label": "sub262e4565b",
            "freeform_tags": {},
            "id": "ocid1.subnet.oc1.iad.aaaaaaaadimw4cgufswhoz2dugidarpffdcbixtafwtv7wiyxqbpt2eiz5oq",
            "ipv6cidr_block": null,
            "ipv6cidr_blocks": [],
            "ipv6virtual_router_ip": null,
            "prohibit_internet_ingress": true,
            "prohibit_public_ip_on_vnic": true,
            "route_table_id": "ocid1.routetable.oc1.iad.aaaaaaaaczph4cy3wun7bva2lp4kmx6jzgauvqqsj5loqn3r7detkgt62nwa",
            "security_list_ids": [
              "ocid1.securitylist.oc1.iad.aaaaaaaaocprpglm6bqdt42fiu2jjvchowwj2rbm4aaoda4t27xlvmhvifeq"
            ],
            "state": "AVAILABLE",
            "subnet_domain_name": "sub262e4565b.tritoncluster.oraclevcn.com",
            "time_created": "2023-12-07 19:07:58.68 +0000 UTC",
            "timeouts": null,
            "vcn_id": "ocid1.vcn.oc1.iad.amaaaaaabxdvnfaa2ke25xzylqlehycmwjkgqkjmncrv6ucyxvcmvglnl7za",
            "virtual_router_ip": "10.0.10.1",
            "virtual_router_mac": "00:00:17:C4:2A:F3"
          },
          "sensitive_attributes": [],
          "private": "eyJlMmJmYjczMC1lY2FhLTExZTYtOGY4OC0zNDM2M2JjN2M0YzAiOnsiY3JlYXRlIjoxMjAwMDAwMDAwMDAwLCJkZWxldGUiOjEyMDAwMDAwMDAwMDAsInVwZGF0ZSI6MTIwMDAwMDAwMDAwMH19",
          "dependencies": [
            "oci_core_nat_gateway.generated_oci_core_nat_gateway",
            "oci_core_route_table.generated_oci_core_route_table",
            "oci_core_security_list.node_sec_list",
            "oci_core_service_gateway.generated_oci_core_service_gateway",
            "oci_core_vcn.generated_oci_core_vcn"
          ]
        }
      ]
    },
    {
      "mode": "managed",
      "type": "oci_core_subnet",
      "name": "service_lb_subnet",
      "provider": "provider[\"registry.terraform.io/hashicorp/oci\"]",
      "instances": [
        {
          "schema_version": 0,
          "attributes": {
            "availability_domain": null,
            "cidr_block": "10.0.20.0/24",
            "compartment_id": "ocid1.compartment.oc1..aaaaaaaakb5gpfek3psgdckxav3ektknnodqzqz5picqzkdf4xzl34janyya",
            "defined_tags": {
              "Oracle-Tags.CreatedBy": "oracleidentitycloudservice/ed.shnekendorf@oracle.com"
            },
            "dhcp_options_id": "ocid1.dhcpoptions.oc1.iad.aaaaaaaa5niemcoaac2t3ebpjwjv7bzlmebxiydxeu2rfrmqec37yuk4mz7a",
            "display_name": "oke-svclbsubnet-quick-triton-cluster-9594134af-regional",
            "dns_label": "lbsub3ee427b22",
            "freeform_tags": {},
            "id": "ocid1.subnet.oc1.iad.aaaaaaaar5hwwvel74h32a652gyifp3yiro6edm52yh5kjbcodkuc6p5gcxq",
            "ipv6cidr_block": null,
            "ipv6cidr_blocks": [],
            "ipv6virtual_router_ip": null,
            "prohibit_internet_ingress": false,
            "prohibit_public_ip_on_vnic": false,
            "route_table_id": "ocid1.routetable.oc1.iad.aaaaaaaaj3itmktoamycwiaitt2ewqkm2ardaezku3gxesmij6ghrgdsdelq",
            "security_list_ids": [
              "ocid1.securitylist.oc1.iad.aaaaaaaajupuuxjpz3qap24hzgheu6i2bumzctjcromkjn6lhrntdzqo5fdq"
            ],
            "state": "AVAILABLE",
            "subnet_domain_name": "lbsub3ee427b22.tritoncluster.oraclevcn.com",
            "time_created": "2023-12-07 19:07:58.117 +0000 UTC",
            "timeouts": null,
            "vcn_id": "ocid1.vcn.oc1.iad.amaaaaaabxdvnfaa2ke25xzylqlehycmwjkgqkjmncrv6ucyxvcmvglnl7za",
            "virtual_router_ip": "10.0.20.1",
            "virtual_router_mac": "00:00:17:C4:2A:F3"
          },
          "sensitive_attributes": [],
          "private": "eyJlMmJmYjczMC1lY2FhLTExZTYtOGY4OC0zNDM2M2JjN2M0YzAiOnsiY3JlYXRlIjoxMjAwMDAwMDAwMDAwLCJkZWxldGUiOjEyMDAwMDAwMDAwMDAsInVwZGF0ZSI6MTIwMDAwMDAwMDAwMH19",
          "dependencies": [
            "oci_core_default_route_table.generated_oci_core_default_route_table",
            "oci_core_internet_gateway.generated_oci_core_internet_gateway",
            "oci_core_vcn.generated_oci_core_vcn"
          ]
        }
      ]
    },
    {
      "mode": "managed",
      "type": "oci_core_vcn",
      "name": "generated_oci_core_vcn",
      "provider": "provider[\"registry.terraform.io/hashicorp/oci\"]",
      "instances": [
        {
          "schema_version": 0,
          "attributes": {
            "byoipv6cidr_blocks": [],
            "byoipv6cidr_details": [],
            "cidr_block": "10.0.0.0/16",
            "cidr_blocks": [
              "10.0.0.0/16"
            ],
            "compartment_id": "ocid1.compartment.oc1..aaaaaaaakb5gpfek3psgdckxav3ektknnodqzqz5picqzkdf4xzl34janyya",
            "default_dhcp_options_id": "ocid1.dhcpoptions.oc1.iad.aaaaaaaa5niemcoaac2t3ebpjwjv7bzlmebxiydxeu2rfrmqec37yuk4mz7a",
            "default_route_table_id": "ocid1.routetable.oc1.iad.aaaaaaaaj3itmktoamycwiaitt2ewqkm2ardaezku3gxesmij6ghrgdsdelq",
            "default_security_list_id": "ocid1.securitylist.oc1.iad.aaaaaaaajupuuxjpz3qap24hzgheu6i2bumzctjcromkjn6lhrntdzqo5fdq",
            "defined_tags": {
              "Oracle-Tags.CreatedBy": "oracleidentitycloudservice/ed.shnekendorf@oracle.com"
            },
            "display_name": "oke-vcn-quick-triton-cluster-9594134af",
            "dns_label": "tritoncluster",
            "freeform_tags": {},
            "id": "ocid1.vcn.oc1.iad.amaaaaaabxdvnfaa2ke25xzylqlehycmwjkgqkjmncrv6ucyxvcmvglnl7za",
            "ipv6cidr_blocks": [],
            "ipv6private_cidr_blocks": [],
            "is_ipv6enabled": false,
            "is_oracle_gua_allocation_enabled": null,
            "state": "AVAILABLE",
            "time_created": "2023-12-07 19:07:53.48 +0000 UTC",
            "timeouts": null,
            "vcn_domain_name": "tritoncluster.oraclevcn.com"
          },
          "sensitive_attributes": [],
          "private": "eyJlMmJmYjczMC1lY2FhLTExZTYtOGY4OC0zNDM2M2JjN2M0YzAiOnsiY3JlYXRlIjoxMjAwMDAwMDAwMDAwLCJkZWxldGUiOjEyMDAwMDAwMDAwMDAsInVwZGF0ZSI6MTIwMDAwMDAwMDAwMH19"
        }
      ]
    }
  ],
  "check_results": null
}
